
Microsoft Visual Studio Solution File, Format Version 12.00
# Visual Studio Version 17
VisualStudioVersion = 17.5.002.0
MinimumVisualStudioVersion = 10.0.40219.1
Project("{9A19103F-16F7-4668-BE54-9A1E7A4F7556}") = "app", "app.csproj", "{546169F0-F6CF-446A-9451-E5CE8FAAF75B}"
EndProject
Global
	GlobalSection(SolutionConfigurationPlatforms) = preSolution
		Debug|Any CPU = Debug|Any CPU
		Release|Any CPU = Release|Any CPU
	EndGlobalSection
	GlobalSection(ProjectConfigurationPlatforms) = postSolution
		{546169F0-F6CF-446A-9451-E5CE8FAAF75B}.Debug|Any CPU.ActiveCfg = Debug|Any CPU
		{546169F0-F6CF-446A-9451-E5CE8FAAF75B}.Debug|Any CPU.Build.0 = Debug|Any CPU
		{546169F0-F6CF-446A-9451-E5CE8FAAF75B}.Release|Any CPU.ActiveCfg = Release|Any CPU
		{546169F0-F6CF-446A-9451-E5CE8FAAF75B}.Release|Any CPU.Build.0 = Release|Any CPU
	EndGlobalSection
	GlobalSection(SolutionProperties) = preSolution
		HideSolutionNode = FALSE
	EndGlobalSection
	GlobalSection(ExtensibilityGlobals) = postSolution
		SolutionGuid = {2E7B211A-5FF1-4BDD-B9E5-975B87AF3B6D}
	EndGlobalSection
EndGlobal
